
Microsoft Visual Studio Solution File, Format Version 12.00
# Visual Studio Version 17
VisualStudioVersion = 17.6.33829.357
MinimumVisualStudioVersion = 10.0.40219.1
Project("{FAE04EC0-301F-11D3-BF4B-00C04F79EFBC}") = "WindowsFormsApp2", "WindowsFormsApp2\WindowsFormsApp2.csproj", "{C9482DC1-5742-4DCB-B754-FB1C038C9D64}"
EndProject
Global
	GlobalSection(SolutionConfigurationPlatforms) = preSolution
		Debug|Any CPU = Debug|Any CPU
		Release|Any CPU = Release|Any CPU
	EndGlobalSection
	GlobalSection(ProjectConfigurationPlatforms) = postSolution
		{C9482DC1-5742-4DCB-B754-FB1C038C9D64}.Debug|Any CPU.ActiveCfg = Debug|Any CPU
		{C9482DC1-5742-4DCB-B754-FB1C038C9D64}.Debug|Any CPU.Build.0 = Debug|Any CPU
		{C9482DC1-5742-4DCB-B754-FB1C038C9D64}.Release|Any CPU.ActiveCfg = Release|Any CPU
		{C9482DC1-5742-4DCB-B754-FB1C038C9D64}.Release|Any CPU.Build.0 = Release|Any CPU
	EndGlobalSection
	GlobalSection(SolutionProperties) = preSolution
		HideSolutionNode = FALSE
	EndGlobalSection
	GlobalSection(ExtensibilityGlobals) = postSolution
		SolutionGuid = {6F37623D-E78E-44C2-95D7-8EDBB1F2466C}
	EndGlobalSection
EndGlobal
